
Microsoft Visual Studio Solution File, Format Version 12.00
# Visual Studio Version 16
VisualStudioVersion = 16.0.29519.181
MinimumVisualStudioVersion = 10.0.40219.1
Project("{FAE04EC0-301F-11D3-BF4B-00C04F79EFBC}") = "Wpf_App", "Wpf_App.csproj", "{C7DC8480-87E2-4BB9-B9DA-9A38EDBCC085}"
EndProject
Global
	GlobalSection(SolutionConfigurationPlatforms) = preSolution
		Debug|Any CPU = Debug|Any CPU
		Release|Any CPU = Release|Any CPU
	EndGlobalSection
	GlobalSection(ProjectConfigurationPlatforms) = postSolution
		{C7DC8480-87E2-4BB9-B9DA-9A38EDBCC085}.Debug|Any CPU.ActiveCfg = Debug|Any CPU
		{C7DC8480-87E2-4BB9-B9DA-9A38EDBCC085}.Debug|Any CPU.Build.0 = Debug|Any CPU
		{C7DC8480-87E2-4BB9-B9DA-9A38EDBCC085}.Release|Any CPU.ActiveCfg = Release|Any CPU
		{C7DC8480-87E2-4BB9-B9DA-9A38EDBCC085}.Release|Any CPU.Build.0 = Release|Any CPU
	EndGlobalSection
	GlobalSection(SolutionProperties) = preSolution
		HideSolutionNode = FALSE
	EndGlobalSection
	GlobalSection(ExtensibilityGlobals) = postSolution
		SolutionGuid = {4D8FEFCB-910D-44AF-8EEC-405BBE8DBC21}
	EndGlobalSection
EndGlobal
